
Microsoft Visual Studio Solution File, Format Version 12.00
# Visual Studio Version 16
VisualStudioVersion = 16.0.31402.337
MinimumVisualStudioVersion = 10.0.40219.1
Project("{9A19103F-16F7-4668-BE54-9A1E7A4F7556}") = "CadastroUsuario.Core.Domain", "CadastroUsuario.Core.Domain\CadastroUsuario.Core.Domain.csproj", "{F7608452-B0C0-43C1-99C0-1CF536A87D39}"
EndProject
Project("{9A19103F-16F7-4668-BE54-9A1E7A4F7556}") = "CadastroUsuario.Core.DAL", "CadastroUsuario.Core.DAL\CadastroUsuario.Core.DAL.csproj", "{BBC01329-652F-4168-8502-55E6B0B413AE}"
EndProject
Project("{9A19103F-16F7-4668-BE54-9A1E7A4F7556}") = "CadastroUsuario.Core.BL", "CadastroUsuario.Core.BL\CadastroUsuario.Core.BL.csproj", "{9FA33348-60A0-48CC-826F-C9182B8A661F}"
EndProject
Project("{9A19103F-16F7-4668-BE54-9A1E7A4F7556}") = "CadastroUsuario.Core.DB", "CadastroUsuario.Core.DB\CadastroUsuario.Core.DB.csproj", "{653BD7B0-ABC4-4716-BA4C-A17B061E9FAE}"
EndProject
Project("{9A19103F-16F7-4668-BE54-9A1E7A4F7556}") = "CadastroUsuario.Core.Web.React", "CadastroUsuario.Core.Web.React\CadastroUsuario.Core.Web.React.csproj", "{CC0AB1E5-E5E1-4687-AF77-BECF33BEF47A}"
EndProject
Global
	GlobalSection(SolutionConfigurationPlatforms) = preSolution
		Debug|Any CPU = Debug|Any CPU
		Release|Any CPU = Release|Any CPU
	EndGlobalSection
	GlobalSection(ProjectConfigurationPlatforms) = postSolution
		{F7608452-B0C0-43C1-99C0-1CF536A87D39}.Debug|Any CPU.ActiveCfg = Debug|Any CPU
		{F7608452-B0C0-43C1-99C0-1CF536A87D39}.Debug|Any CPU.Build.0 = Debug|Any CPU
		{F7608452-B0C0-43C1-99C0-1CF536A87D39}.Release|Any CPU.ActiveCfg = Release|Any CPU
		{F7608452-B0C0-43C1-99C0-1CF536A87D39}.Release|Any CPU.Build.0 = Release|Any CPU
		{BBC01329-652F-4168-8502-55E6B0B413AE}.Debug|Any CPU.ActiveCfg = Debug|Any CPU
		{BBC01329-652F-4168-8502-55E6B0B413AE}.Debug|Any CPU.Build.0 = Debug|Any CPU
		{BBC01329-652F-4168-8502-55E6B0B413AE}.Release|Any CPU.ActiveCfg = Release|Any CPU
		{BBC01329-652F-4168-8502-55E6B0B413AE}.Release|Any CPU.Build.0 = Release|Any CPU
		{9FA33348-60A0-48CC-826F-C9182B8A661F}.Debug|Any CPU.ActiveCfg = Debug|Any CPU
		{9FA33348-60A0-48CC-826F-C9182B8A661F}.Debug|Any CPU.Build.0 = Debug|Any CPU
		{9FA33348-60A0-48CC-826F-C9182B8A661F}.Release|Any CPU.ActiveCfg = Release|Any CPU
		{9FA33348-60A0-48CC-826F-C9182B8A661F}.Release|Any CPU.Build.0 = Release|Any CPU
		{653BD7B0-ABC4-4716-BA4C-A17B061E9FAE}.Debug|Any CPU.ActiveCfg = Debug|Any CPU
		{653BD7B0-ABC4-4716-BA4C-A17B061E9FAE}.Debug|Any CPU.Build.0 = Debug|Any CPU
		{653BD7B0-ABC4-4716-BA4C-A17B061E9FAE}.Release|Any CPU.ActiveCfg = Release|Any CPU
		{653BD7B0-ABC4-4716-BA4C-A17B061E9FAE}.Release|Any CPU.Build.0 = Release|Any CPU
		{CC0AB1E5-E5E1-4687-AF77-BECF33BEF47A}.Debug|Any CPU.ActiveCfg = Debug|Any CPU
		{CC0AB1E5-E5E1-4687-AF77-BECF33BEF47A}.Debug|Any CPU.Build.0 = Debug|Any CPU
		{CC0AB1E5-E5E1-4687-AF77-BECF33BEF47A}.Release|Any CPU.ActiveCfg = Release|Any CPU
		{CC0AB1E5-E5E1-4687-AF77-BECF33BEF47A}.Release|Any CPU.Build.0 = Release|Any CPU
	EndGlobalSection
	GlobalSection(SolutionProperties) = preSolution
		HideSolutionNode = FALSE
	EndGlobalSection
	GlobalSection(ExtensibilityGlobals) = postSolution
		SolutionGuid = {3A208223-A3AC-4148-9952-94611B0859F6}
	EndGlobalSection
EndGlobal
